
Microsoft Visual Studio Solution File, Format Version 12.00
# Visual Studio Version 17
VisualStudioVersion = 17.11.35312.102
MinimumVisualStudioVersion = 10.0.40219.1
Project("{9A19103F-16F7-4668-BE54-9A1E7A4F7556}") = "Exercise1Quotient", "Exercise1Quotient\Exercise1Quotient.csproj", "{FF8EEA9F-172B-400C-A896-C5361B763161}"
EndProject
Project("{9A19103F-16F7-4668-BE54-9A1E7A4F7556}") = "Exercise2ArrayCopy", "Exercise2ArrayCopy\Exercise2ArrayCopy.csproj", "{BFDA2370-F8E5-4575-8D33-F02DC573CA29}"
EndProject
Project("{FAE04EC0-301F-11D3-BF4B-00C04F79EFBC}") = "Exercise3FizzBuzz", "Exercise3FizzBuzz\Exercise3FizzBuzz.csproj", "{CE27884C-89B3-4E1A-B8CE-3393D84EF746}"
EndProject
Project("{FAE04EC0-301F-11D3-BF4B-00C04F79EFBC}") = "Exercise4MinMidValue", "Exercise4MinMidValue\Exercise4MinMidValue.csproj", "{4D55BCBE-9F1C-4502-A630-FBBC03A884EA}"
EndProject
Project("{FAE04EC0-301F-11D3-BF4B-00C04F79EFBC}") = "Exercise5MonthByNumber", "Exercise5MonthByNumber\Exercise5MonthByNumber.csproj", "{DD655016-045F-496C-A87D-304F200A1269}"
EndProject
Project("{FAE04EC0-301F-11D3-BF4B-00C04F79EFBC}") = "Exercise6ArrayReverse", "Exercise6ArrayReverse\Exercise6ArrayReverse.csproj", "{DCFB3D18-289D-4E21-A115-B2BDF896ECA1}"
EndProject
Global
	GlobalSection(SolutionConfigurationPlatforms) = preSolution
		Debug|Any CPU = Debug|Any CPU
		Release|Any CPU = Release|Any CPU
	EndGlobalSection
	GlobalSection(ProjectConfigurationPlatforms) = postSolution
		{FF8EEA9F-172B-400C-A896-C5361B763161}.Debug|Any CPU.ActiveCfg = Debug|Any CPU
		{FF8EEA9F-172B-400C-A896-C5361B763161}.Debug|Any CPU.Build.0 = Debug|Any CPU
		{FF8EEA9F-172B-400C-A896-C5361B763161}.Release|Any CPU.ActiveCfg = Release|Any CPU
		{FF8EEA9F-172B-400C-A896-C5361B763161}.Release|Any CPU.Build.0 = Release|Any CPU
		{BFDA2370-F8E5-4575-8D33-F02DC573CA29}.Debug|Any CPU.ActiveCfg = Debug|Any CPU
		{BFDA2370-F8E5-4575-8D33-F02DC573CA29}.Debug|Any CPU.Build.0 = Debug|Any CPU
		{BFDA2370-F8E5-4575-8D33-F02DC573CA29}.Release|Any CPU.ActiveCfg = Release|Any CPU
		{BFDA2370-F8E5-4575-8D33-F02DC573CA29}.Release|Any CPU.Build.0 = Release|Any CPU
		{CE27884C-89B3-4E1A-B8CE-3393D84EF746}.Debug|Any CPU.ActiveCfg = Debug|Any CPU
		{CE27884C-89B3-4E1A-B8CE-3393D84EF746}.Debug|Any CPU.Build.0 = Debug|Any CPU
		{CE27884C-89B3-4E1A-B8CE-3393D84EF746}.Release|Any CPU.ActiveCfg = Release|Any CPU
		{CE27884C-89B3-4E1A-B8CE-3393D84EF746}.Release|Any CPU.Build.0 = Release|Any CPU
		{4D55BCBE-9F1C-4502-A630-FBBC03A884EA}.Debug|Any CPU.ActiveCfg = Debug|Any CPU
		{4D55BCBE-9F1C-4502-A630-FBBC03A884EA}.Debug|Any CPU.Build.0 = Debug|Any CPU
		{4D55BCBE-9F1C-4502-A630-FBBC03A884EA}.Release|Any CPU.ActiveCfg = Release|Any CPU
		{4D55BCBE-9F1C-4502-A630-FBBC03A884EA}.Release|Any CPU.Build.0 = Release|Any CPU
		{DD655016-045F-496C-A87D-304F200A1269}.Debug|Any CPU.ActiveCfg = Debug|Any CPU
		{DD655016-045F-496C-A87D-304F200A1269}.Debug|Any CPU.Build.0 = Debug|Any CPU
		{DD655016-045F-496C-A87D-304F200A1269}.Release|Any CPU.ActiveCfg = Release|Any CPU
		{DD655016-045F-496C-A87D-304F200A1269}.Release|Any CPU.Build.0 = Release|Any CPU
		{DCFB3D18-289D-4E21-A115-B2BDF896ECA1}.Debug|Any CPU.ActiveCfg = Debug|Any CPU
		{DCFB3D18-289D-4E21-A115-B2BDF896ECA1}.Debug|Any CPU.Build.0 = Debug|Any CPU
		{DCFB3D18-289D-4E21-A115-B2BDF896ECA1}.Release|Any CPU.ActiveCfg = Release|Any CPU
		{DCFB3D18-289D-4E21-A115-B2BDF896ECA1}.Release|Any CPU.Build.0 = Release|Any CPU
	EndGlobalSection
	GlobalSection(SolutionProperties) = preSolution
		HideSolutionNode = FALSE
	EndGlobalSection
	GlobalSection(ExtensibilityGlobals) = postSolution
		SolutionGuid = {D72E8016-D008-429F-B98C-0EB6CBF9CD28}
	EndGlobalSection
EndGlobal
